// !$*UTF8*$!
{
	archiveVersion = 1;
	classes = {
	};
	objectVersion = 70;
	objects = {

/* Begin PBXBuildFile section */
		0377633A2DDBBCD300777B8C /* MovieRow.swift in Sources */ = {isa = PBXBuildFile; fileRef = 037763392DDBBCD300777B8C /* MovieRow.swift */; };
		0377633C2DDBBFD000777B8C /* EmptyStateView.swift in Sources */ = {isa = PBXBuildFile; fileRef = 0377633B2DDBBFD000777B8C /* EmptyStateView.swift */; };
		0377633E2DDBCB0300777B8C /* SearchBarView.swift in Sources */ = {isa = PBXBuildFile; fileRef = 0377633D2DDBCB0300777B8C /* SearchBarView.swift */; };
		03908DAC2DDC85BC0008C202 /* FirestoreService.swift in Sources */ = {isa = PBXBuildFile; fileRef = 03908DAB2DDC85BC0008C202 /* FirestoreService.swift */; };
		03908DAE2DDC8F690008C202 /* FirestoreViewModel.swift in Sources */ = {isa = PBXBuildFile; fileRef = 03908DAD2DDC8F690008C202 /* FirestoreViewModel.swift */; };
		03908DBE2DDCA8100008C202 /* SavedMoviesView.swift in Sources */ = {isa = PBXBuildFile; fileRef = 03908DBD2DDCA8100008C202 /* SavedMoviesView.swift */; };
		03BE72B02DD221FE00DD7805 /* FirebaseAuth in Frameworks */ = {isa = PBXBuildFile; productRef = 03BE72AF2DD221FE00DD7805 /* FirebaseAuth */; };
		03BE72B22DD221FE00DD7805 /* FirebaseCore in Frameworks */ = {isa = PBXBuildFile; productRef = 03BE72B12DD221FE00DD7805 /* FirebaseCore */; };
		03BE72B42DD221FE00DD7805 /* FirebaseFirestore in Frameworks */ = {isa = PBXBuildFile; productRef = 03BE72B32DD221FE00DD7805 /* FirebaseFirestore */; };
		03FA390A2DDB219D005F1EDC /* Assets.xcassets in Resources */ = {isa = PBXBuildFile; fileRef = 03FA39042DDB219D005F1EDC /* Assets.xcassets */; };
		03FA390D2DDB219D005F1EDC /* ContentView.swift in Sources */ = {isa = PBXBuildFile; fileRef = 03FA39052DDB219D005F1EDC /* ContentView.swift */; };
		03FA390E2DDB219D005F1EDC /* WatchAppApp.swift in Sources */ = {isa = PBXBuildFile; fileRef = 03FA39082DDB219D005F1EDC /* WatchAppApp.swift */; };
		03FA39142DDB2206005F1EDC /* SecretManager.swift in Sources */ = {isa = PBXBuildFile; fileRef = 03FA39132DDB2206005F1EDC /* SecretManager.swift */; };
		03FA39162DDB221F005F1EDC /* TMDBService.swift in Sources */ = {isa = PBXBuildFile; fileRef = 03FA39152DDB221F005F1EDC /* TMDBService.swift */; };
		03FA39182DDB224D005F1EDC /* Movie.swift in Sources */ = {isa = PBXBuildFile; fileRef = 03FA39172DDB224D005F1EDC /* Movie.swift */; };
		03FA391A2DDB234E005F1EDC /* MovieViewModel.swift in Sources */ = {isa = PBXBuildFile; fileRef = 03FA39192DDB234E005F1EDC /* MovieViewModel.swift */; };
		03FA391C2DDB23C0005F1EDC /* MovieListView.swift in Sources */ = {isa = PBXBuildFile; fileRef = 03FA391B2DDB23C0005F1EDC /* MovieListView.swift */; };
		5D0D0C3E2DDB663300FC4499 /* AuthViewModel.swift in Sources */ = {isa = PBXBuildFile; fileRef = 5D0D0C3D2DDB663300FC4499 /* AuthViewModel.swift */; };
		5D0D0C402DDB665800FC4499 /* LoginView.swift in Sources */ = {isa = PBXBuildFile; fileRef = 5D0D0C3F2DDB665800FC4499 /* LoginView.swift */; };
		5D0D0C422DDB6FCB00FC4499 /* User.swift in Sources */ = {isa = PBXBuildFile; fileRef = 5D0D0C412DDB6FCB00FC4499 /* User.swift */; };
		5DEE6D7A2DDB2CF600C7DF1B /* Secrets.plist in Resources */ = {isa = PBXBuildFile; fileRef = 5DEE6D792DDB2CF600C7DF1B /* Secrets.plist */; };
		5DEE6D7C2DDB2D1100C7DF1B /* GoogleService-Info.plist in Resources */ = {isa = PBXBuildFile; fileRef = 5DEE6D7B2DDB2D1100C7DF1B /* GoogleService-Info.plist */; };
		A4B100BD2DDCA7040032B48E /* NavigationView.swift in Sources */ = {isa = PBXBuildFile; fileRef = A4B100BC2DDCA7040032B48E /* NavigationView.swift */; };
		DD5C92972DDB6FFB009D633F /* LaunchScreen.storyboard in Resources */ = {isa = PBXBuildFile; fileRef = DD5C92962DDB6FFB009D633F /* LaunchScreen.storyboard */; };
		DD5C92992DDB7199009D633F /* SplashScreenView.swift in Sources */ = {isa = PBXBuildFile; fileRef = DD5C92982DDB7199009D633F /* SplashScreenView.swift */; };
/* End PBXBuildFile section */

/* Begin PBXFileReference section */
		037763392DDBBCD300777B8C /* MovieRow.swift */ = {isa = PBXFileReference; lastKnownFileType = sourcecode.swift; path = MovieRow.swift; sourceTree = "<group>"; };
		0377633B2DDBBFD000777B8C /* EmptyStateView.swift */ = {isa = PBXFileReference; lastKnownFileType = sourcecode.swift; path = EmptyStateView.swift; sourceTree = "<group>"; };
		0377633D2DDBCB0300777B8C /* SearchBarView.swift */ = {isa = PBXFileReference; lastKnownFileType = sourcecode.swift; path = SearchBarView.swift; sourceTree = "<group>"; };
		03908DAB2DDC85BC0008C202 /* FirestoreService.swift */ = {isa = PBXFileReference; lastKnownFileType = sourcecode.swift; path = FirestoreService.swift; sourceTree = "<group>"; };
		03908DAD2DDC8F690008C202 /* FirestoreViewModel.swift */ = {isa = PBXFileReference; lastKnownFileType = sourcecode.swift; path = FirestoreViewModel.swift; sourceTree = "<group>"; };
		03908DBD2DDCA8100008C202 /* SavedMoviesView.swift */ = {isa = PBXFileReference; lastKnownFileType = sourcecode.swift; path = SavedMoviesView.swift; sourceTree = "<group>"; };
		03BE729E2DD21E3300DD7805 /* WatchApp.app */ = {isa = PBXFileReference; explicitFileType = wrapper.application; includeInIndex = 0; path = WatchApp.app; sourceTree = BUILT_PRODUCTS_DIR; };
		03FA39042DDB219D005F1EDC /* Assets.xcassets */ = {isa = PBXFileReference; lastKnownFileType = folder.assetcatalog; path = Assets.xcassets; sourceTree = "<group>"; };
		03FA39052DDB219D005F1EDC /* ContentView.swift */ = {isa = PBXFileReference; lastKnownFileType = sourcecode.swift; path = ContentView.swift; sourceTree = "<group>"; };
		03FA39082DDB219D005F1EDC /* WatchAppApp.swift */ = {isa = PBXFileReference; lastKnownFileType = sourcecode.swift; path = WatchAppApp.swift; sourceTree = "<group>"; };
		03FA39132DDB2206005F1EDC /* SecretManager.swift */ = {isa = PBXFileReference; lastKnownFileType = sourcecode.swift; path = SecretManager.swift; sourceTree = "<group>"; };
		03FA39152DDB221F005F1EDC /* TMDBService.swift */ = {isa = PBXFileReference; lastKnownFileType = sourcecode.swift; path = TMDBService.swift; sourceTree = "<group>"; };
		03FA39172DDB224D005F1EDC /* Movie.swift */ = {isa = PBXFileReference; lastKnownFileType = sourcecode.swift; path = Movie.swift; sourceTree = "<group>"; };
		03FA39192DDB234E005F1EDC /* MovieViewModel.swift */ = {isa = PBXFileReference; lastKnownFileType = sourcecode.swift; path = MovieViewModel.swift; sourceTree = "<group>"; };
		03FA391B2DDB23C0005F1EDC /* MovieListView.swift */ = {isa = PBXFileReference; lastKnownFileType = sourcecode.swift; path = MovieListView.swift; sourceTree = "<group>"; };
		5D0D0C3D2DDB663300FC4499 /* AuthViewModel.swift */ = {isa = PBXFileReference; lastKnownFileType = sourcecode.swift; path = AuthViewModel.swift; sourceTree = "<group>"; };
		5D0D0C3F2DDB665800FC4499 /* LoginView.swift */ = {isa = PBXFileReference; lastKnownFileType = sourcecode.swift; path = LoginView.swift; sourceTree = "<group>"; };
		5D0D0C412DDB6FCB00FC4499 /* User.swift */ = {isa = PBXFileReference; lastKnownFileType = sourcecode.swift; path = User.swift; sourceTree = "<group>"; };
		5DEE6D792DDB2CF600C7DF1B /* Secrets.plist */ = {isa = PBXFileReference; lastKnownFileType = text.plist.xml; path = Secrets.plist; sourceTree = "<group>"; };
		5DEE6D7B2DDB2D1100C7DF1B /* GoogleService-Info.plist */ = {isa = PBXFileReference; lastKnownFileType = text.plist.xml; path = "GoogleService-Info.plist"; sourceTree = "<group>"; };
		A4B100BC2DDCA7040032B48E /* NavigationView.swift */ = {isa = PBXFileReference; lastKnownFileType = sourcecode.swift; path = NavigationView.swift; sourceTree = "<group>"; };
		DD5C92962DDB6FFB009D633F /* LaunchScreen.storyboard */ = {isa = PBXFileReference; lastKnownFileType = file.storyboard; path = LaunchScreen.storyboard; sourceTree = "<group>"; };
		DD5C92982DDB7199009D633F /* SplashScreenView.swift */ = {isa = PBXFileReference; lastKnownFileType = sourcecode.swift; path = SplashScreenView.swift; sourceTree = "<group>"; };
/* End PBXFileReference section */

/* Begin PBXFileSystemSynchronizedRootGroup section */
		DD5C929A2DDBA125009D633F /* Utilits */ = {isa = PBXFileSystemSynchronizedRootGroup; explicitFileTypes = {}; explicitFolders = (); path = Utilits; sourceTree = "<group>"; };
		DD5C92A72DDBAC68009D633F /* Components */ = {isa = PBXFileSystemSynchronizedRootGroup; explicitFileTypes = {}; explicitFolders = (); path = Components; sourceTree = "<group>"; };
/* End PBXFileSystemSynchronizedRootGroup section */

/* Begin PBXFrameworksBuildPhase section */
		03BE729B2DD21E3300DD7805 /* Frameworks */ = {
			isa = PBXFrameworksBuildPhase;
			buildActionMask = 2147483647;
			files = (
				03BE72B22DD221FE00DD7805 /* FirebaseCore in Frameworks */,
				03BE72B02DD221FE00DD7805 /* FirebaseAuth in Frameworks */,
				03BE72B42DD221FE00DD7805 /* FirebaseFirestore in Frameworks */,
			);
			runOnlyForDeploymentPostprocessing = 0;
		};
/* End PBXFrameworksBuildPhase section */

/* Begin PBXGroup section */
		03BE72952DD21E3300DD7805 = {
			isa = PBXGroup;
			children = (
				03FA39092DDB219D005F1EDC /* WatchApp */,
				03BE729F2DD21E3300DD7805 /* Products */,
			);
			sourceTree = "<group>";
		};
		03BE729F2DD21E3300DD7805 /* Products */ = {
			isa = PBXGroup;
			children = (
				03BE729E2DD21E3300DD7805 /* WatchApp.app */,
			);
			name = Products;
			sourceTree = "<group>";
		};
		03FA39092DDB219D005F1EDC /* WatchApp */ = {
			isa = PBXGroup;
			children = (
				DD5C92A72DDBAC68009D633F /* Components */,
				DD5C929A2DDBA125009D633F /* Utilits */,
				03FA39122DDB21B8005F1EDC /* Views */,
				03FA39112DDB21B2005F1EDC /* ViewModels */,
				03FA39102DDB21AB005F1EDC /* Models */,
				03FA390F2DDB21A0005F1EDC /* Service */,
				03FA39042DDB219D005F1EDC /* Assets.xcassets */,
				03FA39082DDB219D005F1EDC /* WatchAppApp.swift */,
				DD5C92962DDB6FFB009D633F /* LaunchScreen.storyboard */,
				5DEE6D792DDB2CF600C7DF1B /* Secrets.plist */,
				5DEE6D7B2DDB2D1100C7DF1B /* GoogleService-Info.plist */,
			);
			path = WatchApp;
			sourceTree = "<group>";
		};
		03FA390F2DDB21A0005F1EDC /* Service */ = {
			isa = PBXGroup;
			children = (
				03FA39132DDB2206005F1EDC /* SecretManager.swift */,
				03FA39152DDB221F005F1EDC /* TMDBService.swift */,
			);
			path = Service;
			sourceTree = "<group>";
		};
		03FA39102DDB21AB005F1EDC /* Models */ = {
			isa = PBXGroup;
			children = (
				03FA39172DDB224D005F1EDC /* Movie.swift */,
				5D0D0C412DDB6FCB00FC4499 /* User.swift */,
				03908DAB2DDC85BC0008C202 /* FirestoreService.swift */,
			);
			path = Models;
			sourceTree = "<group>";
		};
		03FA39112DDB21B2005F1EDC /* ViewModels */ = {
			isa = PBXGroup;
			children = (
				03FA39192DDB234E005F1EDC /* MovieViewModel.swift */,
				5D0D0C3D2DDB663300FC4499 /* AuthViewModel.swift */,
				03908DAD2DDC8F690008C202 /* FirestoreViewModel.swift */,
			);
			path = ViewModels;
			sourceTree = "<group>";
		};
		03FA39122DDB21B8005F1EDC /* Views */ = {
			isa = PBXGroup;
			children = (
				03FA39052DDB219D005F1EDC /* ContentView.swift */,
				03FA391B2DDB23C0005F1EDC /* MovieListView.swift */,
				DD5C92982DDB7199009D633F /* SplashScreenView.swift */,
				5D0D0C3F2DDB665800FC4499 /* LoginView.swift */,
				037763392DDBBCD300777B8C /* MovieRow.swift */,
				0377633B2DDBBFD000777B8C /* EmptyStateView.swift */,
				0377633D2DDBCB0300777B8C /* SearchBarView.swift */,
				A4B100BC2DDCA7040032B48E /* NavigationView.swift */,
				03908DBD2DDCA8100008C202 /* SavedMoviesView.swift */,
			);
			path = Views;
			sourceTree = "<group>";
		};
/* End PBXGroup section */

/* Begin PBXNativeTarget section */
		03BE729D2DD21E3300DD7805 /* WatchApp */ = {
			isa = PBXNativeTarget;
			buildConfigurationList = 03BE72A92DD21E3500DD7805 /* Build configuration list for PBXNativeTarget "WatchApp" */;
			buildPhases = (
				03BE729A2DD21E3300DD7805 /* Sources */,
				03BE729B2DD21E3300DD7805 /* Frameworks */,
				03BE729C2DD21E3300DD7805 /* Resources */,
			);
			buildRules = (
			);
			dependencies = (
			);
			fileSystemSynchronizedGroups = (
				DD5C929A2DDBA125009D633F /* Utilits */,
				DD5C92A72DDBAC68009D633F /* Components */,
			);
			name = WatchApp;
			packageProductDependencies = (
				03BE72AF2DD221FE00DD7805 /* FirebaseAuth */,
				03BE72B12DD221FE00DD7805 /* FirebaseCore */,
				03BE72B32DD221FE00DD7805 /* FirebaseFirestore */,
			);
			productName = WatchApp;
			productReference = 03BE729E2DD21E3300DD7805 /* WatchApp.app */;
			productType = "com.apple.product-type.application";
		};
/* End PBXNativeTarget section */

/* Begin PBXProject section */
		03BE72962DD21E3300DD7805 /* Project object */ = {
			isa = PBXProject;
			attributes = {
				BuildIndependentTargetsInParallel = 1;
				LastSwiftUpdateCheck = 1630;
				LastUpgradeCheck = 1630;
				TargetAttributes = {
					03BE729D2DD21E3300DD7805 = {
						CreatedOnToolsVersion = 16.3;
					};
				};
			};
			buildConfigurationList = 03BE72992DD21E3300DD7805 /* Build configuration list for PBXProject "WatchApp" */;
			compatibilityVersion = "Xcode 15.3";
			developmentRegion = en;
			hasScannedForEncodings = 0;
			knownRegions = (
				en,
				Base,
			);
			mainGroup = 03BE72952DD21E3300DD7805;
			minimizedProjectReferenceProxies = 1;
			packageReferences = (
				03BE72AE2DD221FE00DD7805 /* XCRemoteSwiftPackageReference "firebase-ios-sdk" */,
			);
			productRefGroup = 03BE729F2DD21E3300DD7805 /* Products */;
			projectDirPath = "";
			projectRoot = "";
			targets = (
				03BE729D2DD21E3300DD7805 /* WatchApp */,
			);
		};
/* End PBXProject section */

/* Begin PBXResourcesBuildPhase section */
		03BE729C2DD21E3300DD7805 /* Resources */ = {
			isa = PBXResourcesBuildPhase;
			buildActionMask = 2147483647;
			files = (
				03FA390A2DDB219D005F1EDC /* Assets.xcassets in Resources */,
				DD5C92972DDB6FFB009D633F /* LaunchScreen.storyboard in Resources */,
				5DEE6D7A2DDB2CF600C7DF1B /* Secrets.plist in Resources */,
				5DEE6D7C2DDB2D1100C7DF1B /* GoogleService-Info.plist in Resources */,
				5DEE6D7C2DDB2D1100C7DF1B /* GoogleService-Info.plist in Resources */,
			);
			runOnlyForDeploymentPostprocessing = 0;
		};
/* End PBXResourcesBuildPhase section */

/* Begin PBXSourcesBuildPhase section */
		03BE729A2DD21E3300DD7805 /* Sources */ = {
			isa = PBXSourcesBuildPhase;
			buildActionMask = 2147483647;
			files = (
				A4B100BD2DDCA7040032B48E /* NavigationView.swift in Sources */,
				0377633C2DDBBFD000777B8C /* EmptyStateView.swift in Sources */,
				03FA39162DDB221F005F1EDC /* TMDBService.swift in Sources */,
				0377633E2DDBCB0300777B8C /* SearchBarView.swift in Sources */,
				0377633A2DDBBCD300777B8C /* MovieRow.swift in Sources */,
				03908DBE2DDCA8100008C202 /* SavedMoviesView.swift in Sources */,
				03FA391C2DDB23C0005F1EDC /* MovieListView.swift in Sources */,
				03FA390D2DDB219D005F1EDC /* ContentView.swift in Sources */,
				5D0D0C402DDB665800FC4499 /* LoginView.swift in Sources */,
				03FA390E2DDB219D005F1EDC /* WatchAppApp.swift in Sources */,
				5D0D0C3E2DDB663300FC4499 /* AuthViewModel.swift in Sources */,
				03908DAC2DDC85BC0008C202 /* FirestoreService.swift in Sources */,
				03FA39142DDB2206005F1EDC /* SecretManager.swift in Sources */,
				03FA39182DDB224D005F1EDC /* Movie.swift in Sources */,
				5D0D0C422DDB6FCB00FC4499 /* User.swift in Sources */,
				03FA391A2DDB234E005F1EDC /* MovieViewModel.swift in Sources */,
				03908DAE2DDC8F690008C202 /* FirestoreViewModel.swift in Sources */,
				DD5C92992DDB7199009D633F /* SplashScreenView.swift in Sources */,
			);
			runOnlyForDeploymentPostprocessing = 0;
		};
/* End PBXSourcesBuildPhase section */

/* Begin XCBuildConfiguration section */
		03BE72A72DD21E3500DD7805 /* Debug */ = {
			isa = XCBuildConfiguration;
			buildSettings = {
				ALWAYS_SEARCH_USER_PATHS = NO;
				ASSETCATALOG_COMPILER_GENERATE_SWIFT_ASSET_SYMBOL_EXTENSIONS = YES;
				CLANG_ANALYZER_NONNULL = YES;
				CLANG_ANALYZER_NUMBER_OBJECT_CONVERSION = YES_AGGRESSIVE;
				CLANG_CXX_LANGUAGE_STANDARD = "gnu++20";
				CLANG_ENABLE_MODULES = YES;
				CLANG_ENABLE_OBJC_ARC = YES;
				CLANG_ENABLE_OBJC_WEAK = YES;
				CLANG_WARN_BLOCK_CAPTURE_AUTORELEASING = YES;
				CLANG_WARN_BOOL_CONVERSION = YES;
				CLANG_WARN_COMMA = YES;
				CLANG_WARN_CONSTANT_CONVERSION = YES;
				CLANG_WARN_DEPRECATED_OBJC_IMPLEMENTATIONS = YES;
				CLANG_WARN_DIRECT_OBJC_ISA_USAGE = YES_ERROR;
				CLANG_WARN_DOCUMENTATION_COMMENTS = YES;
				CLANG_WARN_EMPTY_BODY = YES;
				CLANG_WARN_ENUM_CONVERSION = YES;
				CLANG_WARN_INFINITE_RECURSION = YES;
				CLANG_WARN_INT_CONVERSION = YES;
				CLANG_WARN_NON_LITERAL_NULL_CONVERSION = YES;
				CLANG_WARN_OBJC_IMPLICIT_RETAIN_SELF = YES;
				CLANG_WARN_OBJC_LITERAL_CONVERSION = YES;
				CLANG_WARN_OBJC_ROOT_CLASS = YES_ERROR;
				CLANG_WARN_QUOTED_INCLUDE_IN_FRAMEWORK_HEADER = YES;
				CLANG_WARN_RANGE_LOOP_ANALYSIS = YES;
				CLANG_WARN_STRICT_PROTOTYPES = YES;
				CLANG_WARN_SUSPICIOUS_MOVE = YES;
				CLANG_WARN_UNGUARDED_AVAILABILITY = YES_AGGRESSIVE;
				CLANG_WARN_UNREACHABLE_CODE = YES;
				CLANG_WARN__DUPLICATE_METHOD_MATCH = YES;
				COPY_PHASE_STRIP = NO;
				DEBUG_INFORMATION_FORMAT = dwarf;
				DEVELOPMENT_TEAM = N693GNQH6J;
				ENABLE_STRICT_OBJC_MSGSEND = YES;
				ENABLE_TESTABILITY = YES;
				ENABLE_USER_SCRIPT_SANDBOXING = YES;
				GCC_C_LANGUAGE_STANDARD = gnu17;
				GCC_DYNAMIC_NO_PIC = NO;
				GCC_NO_COMMON_BLOCKS = YES;
				GCC_OPTIMIZATION_LEVEL = 0;
				GCC_PREPROCESSOR_DEFINITIONS = (
					"DEBUG=1",
					"$(inherited)",
				);
				GCC_WARN_64_TO_32_BIT_CONVERSION = YES;
				GCC_WARN_ABOUT_RETURN_TYPE = YES_ERROR;
				GCC_WARN_UNDECLARED_SELECTOR = YES;
				GCC_WARN_UNINITIALIZED_AUTOS = YES_AGGRESSIVE;
				GCC_WARN_UNUSED_FUNCTION = YES;
				GCC_WARN_UNUSED_VARIABLE = YES;
				IPHONEOS_DEPLOYMENT_TARGET = 18.4;
				LOCALIZATION_PREFERS_STRING_CATALOGS = YES;
				MTL_ENABLE_DEBUG_INFO = INCLUDE_SOURCE;
				MTL_FAST_MATH = YES;
				ONLY_ACTIVE_ARCH = YES;
				SDKROOT = iphoneos;
				SWIFT_ACTIVE_COMPILATION_CONDITIONS = "DEBUG $(inherited)";
				SWIFT_OPTIMIZATION_LEVEL = "-Onone";
			};
			name = Debug;
		};
		03BE72A82DD21E3500DD7805 /* Release */ = {
			isa = XCBuildConfiguration;
			buildSettings = {
				ALWAYS_SEARCH_USER_PATHS = NO;
				ASSETCATALOG_COMPILER_GENERATE_SWIFT_ASSET_SYMBOL_EXTENSIONS = YES;
				CLANG_ANALYZER_NONNULL = YES;
				CLANG_ANALYZER_NUMBER_OBJECT_CONVERSION = YES_AGGRESSIVE;
				CLANG_CXX_LANGUAGE_STANDARD = "gnu++20";
				CLANG_ENABLE_MODULES = YES;
				CLANG_ENABLE_OBJC_ARC = YES;
				CLANG_ENABLE_OBJC_WEAK = YES;
				CLANG_WARN_BLOCK_CAPTURE_AUTORELEASING = YES;
				CLANG_WARN_BOOL_CONVERSION = YES;
				CLANG_WARN_COMMA = YES;
				CLANG_WARN_CONSTANT_CONVERSION = YES;
				CLANG_WARN_DEPRECATED_OBJC_IMPLEMENTATIONS = YES;
				CLANG_WARN_DIRECT_OBJC_ISA_USAGE = YES_ERROR;
				CLANG_WARN_DOCUMENTATION_COMMENTS = YES;
				CLANG_WARN_EMPTY_BODY = YES;
				CLANG_WARN_ENUM_CONVERSION = YES;
				CLANG_WARN_INFINITE_RECURSION = YES;
				CLANG_WARN_INT_CONVERSION = YES;
				CLANG_WARN_NON_LITERAL_NULL_CONVERSION = YES;
				CLANG_WARN_OBJC_IMPLICIT_RETAIN_SELF = YES;
				CLANG_WARN_OBJC_LITERAL_CONVERSION = YES;
				CLANG_WARN_OBJC_ROOT_CLASS = YES_ERROR;
				CLANG_WARN_QUOTED_INCLUDE_IN_FRAMEWORK_HEADER = YES;
				CLANG_WARN_RANGE_LOOP_ANALYSIS = YES;
				CLANG_WARN_STRICT_PROTOTYPES = YES;
				CLANG_WARN_SUSPICIOUS_MOVE = YES;
				CLANG_WARN_UNGUARDED_AVAILABILITY = YES_AGGRESSIVE;
				CLANG_WARN_UNREACHABLE_CODE = YES;
				CLANG_WARN__DUPLICATE_METHOD_MATCH = YES;
				COPY_PHASE_STRIP = NO;
				DEBUG_INFORMATION_FORMAT = "dwarf-with-dsym";
				DEVELOPMENT_TEAM = N693GNQH6J;
				ENABLE_NS_ASSERTIONS = NO;
				ENABLE_STRICT_OBJC_MSGSEND = YES;
				ENABLE_USER_SCRIPT_SANDBOXING = YES;
				GCC_C_LANGUAGE_STANDARD = gnu17;
				GCC_NO_COMMON_BLOCKS = YES;
				GCC_WARN_64_TO_32_BIT_CONVERSION = YES;
				GCC_WARN_ABOUT_RETURN_TYPE = YES_ERROR;
				GCC_WARN_UNDECLARED_SELECTOR = YES;
				GCC_WARN_UNINITIALIZED_AUTOS = YES_AGGRESSIVE;
				GCC_WARN_UNUSED_FUNCTION = YES;
				GCC_WARN_UNUSED_VARIABLE = YES;
				IPHONEOS_DEPLOYMENT_TARGET = 18.4;
				LOCALIZATION_PREFERS_STRING_CATALOGS = YES;
				MTL_ENABLE_DEBUG_INFO = NO;
				MTL_FAST_MATH = YES;
				SDKROOT = iphoneos;
				SWIFT_COMPILATION_MODE = wholemodule;
				VALIDATE_PRODUCT = YES;
			};
			name = Release;
		};
		03BE72AA2DD21E3500DD7805 /* Debug */ = {
			isa = XCBuildConfiguration;
			buildSettings = {
				ASSETCATALOG_COMPILER_APPICON_NAME = AppIcon;
				ASSETCATALOG_COMPILER_GLOBAL_ACCENT_COLOR_NAME = AccentColor;
				CODE_SIGN_STYLE = Automatic;
				CURRENT_PROJECT_VERSION = 1;
				DEVELOPMENT_TEAM = RWWZFZD8G2;
				ENABLE_PREVIEWS = YES;
				GENERATE_INFOPLIST_FILE = YES;
				INFOPLIST_KEY_UIApplicationSceneManifest_Generation = YES;
				INFOPLIST_KEY_UIApplicationSupportsIndirectInputEvents = YES;
				INFOPLIST_KEY_UILaunchScreen_Generation = YES;
				INFOPLIST_KEY_UILaunchStoryboardName = LaunchScreen;
				INFOPLIST_KEY_UISupportedInterfaceOrientations_iPad = "UIInterfaceOrientationPortrait UIInterfaceOrientationPortraitUpsideDown UIInterfaceOrientationLandscapeLeft UIInterfaceOrientationLandscapeRight";
				INFOPLIST_KEY_UISupportedInterfaceOrientations_iPhone = "UIInterfaceOrientationPortrait UIInterfaceOrientationLandscapeLeft UIInterfaceOrientationLandscapeRight";
				IPHONEOS_DEPLOYMENT_TARGET = 16.4;
				LD_RUNPATH_SEARCH_PATHS = (
					"$(inherited)",
					"@executable_path/Frameworks",
				);
				MARKETING_VERSION = 1.0;
				PRODUCT_BUNDLE_IDENTIFIER = com.nicholasjeria.WatchApp;
				PRODUCT_NAME = "$(TARGET_NAME)";
				SWIFT_EMIT_LOC_STRINGS = YES;
				SWIFT_VERSION = 5.0;
				TARGETED_DEVICE_FAMILY = "1,2";
			};
			name = Debug;
		};
		03BE72AB2DD21E3500DD7805 /* Release */ = {
			isa = XCBuildConfiguration;
			buildSettings = {
				ASSETCATALOG_COMPILER_APPICON_NAME = AppIcon;
				ASSETCATALOG_COMPILER_GLOBAL_ACCENT_COLOR_NAME = AccentColor;
				CODE_SIGN_STYLE = Automatic;
				CURRENT_PROJECT_VERSION = 1;
				DEVELOPMENT_TEAM = RWWZFZD8G2;
				ENABLE_PREVIEWS = YES;
				GENERATE_INFOPLIST_FILE = YES;
				INFOPLIST_KEY_UIApplicationSceneManifest_Generation = YES;
				INFOPLIST_KEY_UIApplicationSupportsIndirectInputEvents = YES;
				INFOPLIST_KEY_UILaunchScreen_Generation = YES;
				INFOPLIST_KEY_UILaunchStoryboardName = LaunchScreen;
				INFOPLIST_KEY_UISupportedInterfaceOrientations_iPad = "UIInterfaceOrientationPortrait UIInterfaceOrientationPortraitUpsideDown UIInterfaceOrientationLandscapeLeft UIInterfaceOrientationLandscapeRight";
				INFOPLIST_KEY_UISupportedInterfaceOrientations_iPhone = "UIInterfaceOrientationPortrait UIInterfaceOrientationLandscapeLeft UIInterfaceOrientationLandscapeRight";
				IPHONEOS_DEPLOYMENT_TARGET = 16.4;
				LD_RUNPATH_SEARCH_PATHS = (
					"$(inherited)",
					"@executable_path/Frameworks",
				);
				MARKETING_VERSION = 1.0;
				PRODUCT_BUNDLE_IDENTIFIER = com.nicholasjeria.WatchApp;
				PRODUCT_NAME = "$(TARGET_NAME)";
				SWIFT_EMIT_LOC_STRINGS = YES;
				SWIFT_VERSION = 5.0;
				TARGETED_DEVICE_FAMILY = "1,2";
			};
			name = Release;
		};
/* End XCBuildConfiguration section */

/* Begin XCConfigurationList section */
		03BE72992DD21E3300DD7805 /* Build configuration list for PBXProject "WatchApp" */ = {
			isa = XCConfigurationList;
			buildConfigurations = (
				03BE72A72DD21E3500DD7805 /* Debug */,
				03BE72A82DD21E3500DD7805 /* Release */,
			);
			defaultConfigurationIsVisible = 0;
			defaultConfigurationName = Release;
		};
		03BE72A92DD21E3500DD7805 /* Build configuration list for PBXNativeTarget "WatchApp" */ = {
			isa = XCConfigurationList;
			buildConfigurations = (
				03BE72AA2DD21E3500DD7805 /* Debug */,
				03BE72AB2DD21E3500DD7805 /* Release */,
			);
			defaultConfigurationIsVisible = 0;
			defaultConfigurationName = Release;
		};
/* End XCConfigurationList section */

/* Begin XCRemoteSwiftPackageReference section */
		03BE72AE2DD221FE00DD7805 /* XCRemoteSwiftPackageReference "firebase-ios-sdk" */ = {
			isa = XCRemoteSwiftPackageReference;
			repositoryURL = "https://github.com/firebase/firebase-ios-sdk";
			requirement = {
				kind = upToNextMajorVersion;
				minimumVersion = 11.12.0;
			};
		};
/* End XCRemoteSwiftPackageReference section */

/* Begin XCSwiftPackageProductDependency section */
		03BE72AF2DD221FE00DD7805 /* FirebaseAuth */ = {
			isa = XCSwiftPackageProductDependency;
			package = 03BE72AE2DD221FE00DD7805 /* XCRemoteSwiftPackageReference "firebase-ios-sdk" */;
			productName = FirebaseAuth;
		};
		03BE72B12DD221FE00DD7805 /* FirebaseCore */ = {
			isa = XCSwiftPackageProductDependency;
			package = 03BE72AE2DD221FE00DD7805 /* XCRemoteSwiftPackageReference "firebase-ios-sdk" */;
			productName = FirebaseCore;
		};
		03BE72B32DD221FE00DD7805 /* FirebaseFirestore */ = {
			isa = XCSwiftPackageProductDependency;
			package = 03BE72AE2DD221FE00DD7805 /* XCRemoteSwiftPackageReference "firebase-ios-sdk" */;
			productName = FirebaseFirestore;
		};
/* End XCSwiftPackageProductDependency section */
	};
	rootObject = 03BE72962DD21E3300DD7805 /* Project object */;
}
