// !$*UTF8*$!
{
	archiveVersion = 1;
	classes = {
	};
	objectVersion = 70;
	objects = {

/* Begin PBXBuildFile section */
		031957BC2DED98DF004AAC47 /* ShareButtonView.swift in Sources */ = {isa = PBXBuildFile; fileRef = 031957BB2DED98DF004AAC47 /* ShareButtonView.swift */; };
		031F025C2DEEEA7D0014D5DB /* GoogleSignIn in Frameworks */ = {isa = PBXBuildFile; productRef = 031F025B2DEEEA7D0014D5DB /* GoogleSignIn */; };
		031F025E2DEEEA7D0014D5DB /* GoogleSignInSwift in Frameworks */ = {isa = PBXBuildFile; productRef = 031F025D2DEEEA7D0014D5DB /* GoogleSignInSwift */; };
		031F02632DEF266E0014D5DB /* GoogleAuthManager.swift in Sources */ = {isa = PBXBuildFile; fileRef = 031F02622DEF266E0014D5DB /* GoogleAuthManager.swift */; };
		0335B82C2DEDE13A00A95C31 /* ShareHelper.swift in Sources */ = {isa = PBXBuildFile; fileRef = 0335B82B2DEDE13A00A95C31 /* ShareHelper.swift */; };
		0335B82E2DEDE16C00A95C31 /* MovieShareItem.swift in Sources */ = {isa = PBXBuildFile; fileRef = 0335B82D2DEDE16C00A95C31 /* MovieShareItem.swift */; };
		035757F62DE7A65000B955BF /* EmptyGenreView.swift in Sources */ = {isa = PBXBuildFile; fileRef = 035757F52DE7A65000B955BF /* EmptyGenreView.swift */; };
		0377633A2DDBBCD300777B8C /* MovieRow.swift in Sources */ = {isa = PBXBuildFile; fileRef = 037763392DDBBCD300777B8C /* MovieRow.swift */; };
		0377633C2DDBBFD000777B8C /* EmptyStateView.swift in Sources */ = {isa = PBXBuildFile; fileRef = 0377633B2DDBBFD000777B8C /* EmptyStateView.swift */; };
		0377633E2DDBCB0300777B8C /* SearchBarView.swift in Sources */ = {isa = PBXBuildFile; fileRef = 0377633D2DDBCB0300777B8C /* SearchBarView.swift */; };
		03908DAE2DDC8F690008C202 /* FirestoreViewModel.swift in Sources */ = {isa = PBXBuildFile; fileRef = 03908DAD2DDC8F690008C202 /* FirestoreViewModel.swift */; };
		03A50DFF2DE46E4E004DFF62 /* Genre.swift in Sources */ = {isa = PBXBuildFile; fileRef = 03A50DFE2DE46E4E004DFF62 /* Genre.swift */; };
		03A50E012DE47534004DFF62 /* GenrePickerView.swift in Sources */ = {isa = PBXBuildFile; fileRef = 03A50E002DE47534004DFF62 /* GenrePickerView.swift */; };
		03A50E032DE49105004DFF62 /* ContentTypePickerView.swift in Sources */ = {isa = PBXBuildFile; fileRef = 03A50E022DE49105004DFF62 /* ContentTypePickerView.swift */; };
		03B4CCC12DE5B4370086EE17 /* FilterType.swift in Sources */ = {isa = PBXBuildFile; fileRef = 03B4CCC02DE5B4370086EE17 /* FilterType.swift */; };
		03B4CD002DE5E6CF0086EE17 /* Person.swift in Sources */ = {isa = PBXBuildFile; fileRef = 03B4CCFF2DE5E6CF0086EE17 /* Person.swift */; };
		03B4CD022DE5E9EA0086EE17 /* CrewCredit.swift in Sources */ = {isa = PBXBuildFile; fileRef = 03B4CD012DE5E9EA0086EE17 /* CrewCredit.swift */; };
		03B7B2EF2DECE3DC006D038B /* FilterPickerView.swift in Sources */ = {isa = PBXBuildFile; fileRef = 03B7B2EE2DECE3DC006D038B /* FilterPickerView.swift */; };
		03B7B2F12DECE699006D038B /* ResultsHeaderView.swift in Sources */ = {isa = PBXBuildFile; fileRef = 03B7B2F02DECE699006D038B /* ResultsHeaderView.swift */; };
		03B7B2F32DECE8E4006D038B /* DateFilterView.swift in Sources */ = {isa = PBXBuildFile; fileRef = 03B7B2F22DECE8E4006D038B /* DateFilterView.swift */; };
		03BE72B02DD221FE00DD7805 /* FirebaseAuth in Frameworks */ = {isa = PBXBuildFile; productRef = 03BE72AF2DD221FE00DD7805 /* FirebaseAuth */; };
		03BE72B22DD221FE00DD7805 /* FirebaseCore in Frameworks */ = {isa = PBXBuildFile; productRef = 03BE72B12DD221FE00DD7805 /* FirebaseCore */; };
		03BE72B42DD221FE00DD7805 /* FirebaseFirestore in Frameworks */ = {isa = PBXBuildFile; productRef = 03BE72B32DD221FE00DD7805 /* FirebaseFirestore */; };
		03FA390A2DDB219D005F1EDC /* Assets.xcassets in Resources */ = {isa = PBXBuildFile; fileRef = 03FA39042DDB219D005F1EDC /* Assets.xcassets */; };
		03FA390D2DDB219D005F1EDC /* ContentView.swift in Sources */ = {isa = PBXBuildFile; fileRef = 03FA39052DDB219D005F1EDC /* ContentView.swift */; };
		03FA390E2DDB219D005F1EDC /* WatchAppApp.swift in Sources */ = {isa = PBXBuildFile; fileRef = 03FA39082DDB219D005F1EDC /* WatchAppApp.swift */; };
		03FA39142DDB2206005F1EDC /* SecretManager.swift in Sources */ = {isa = PBXBuildFile; fileRef = 03FA39132DDB2206005F1EDC /* SecretManager.swift */; };
		03FA39162DDB221F005F1EDC /* TMDBService.swift in Sources */ = {isa = PBXBuildFile; fileRef = 03FA39152DDB221F005F1EDC /* TMDBService.swift */; };
		03FA391A2DDB234E005F1EDC /* MovieViewModel.swift in Sources */ = {isa = PBXBuildFile; fileRef = 03FA39192DDB234E005F1EDC /* MovieViewModel.swift */; };
		03FA391C2DDB23C0005F1EDC /* MovieListView.swift in Sources */ = {isa = PBXBuildFile; fileRef = 03FA391B2DDB23C0005F1EDC /* MovieListView.swift */; };
		5D0D0C3E2DDB663300FC4499 /* AuthViewModel.swift in Sources */ = {isa = PBXBuildFile; fileRef = 5D0D0C3D2DDB663300FC4499 /* AuthViewModel.swift */; };
		5D0D0C402DDB665800FC4499 /* LoginView.swift in Sources */ = {isa = PBXBuildFile; fileRef = 5D0D0C3F2DDB665800FC4499 /* LoginView.swift */; };
		5D7295312DE48E140067360A /* ResetPasswordView.swift in Sources */ = {isa = PBXBuildFile; fileRef = 5D7295302DE48E140067360A /* ResetPasswordView.swift */; };
		5D7295332DE48EE70067360A /* withLogoutButton.swift in Sources */ = {isa = PBXBuildFile; fileRef = 5D7295322DE48EE70067360A /* withLogoutButton.swift */; };
		5D81BD1C2DE5B8050059346F /* KeychainService.swift in Sources */ = {isa = PBXBuildFile; fileRef = 5D81BD1B2DE5B8050059346F /* KeychainService.swift */; };
		5DC46A812DE5E8AD002E5618 /* ProfileView.swift in Sources */ = {isa = PBXBuildFile; fileRef = 5DC46A802DE5E8AD002E5618 /* ProfileView.swift */; };
		A42B66492DDF41EA00BDA4A0 /* User.swift in Sources */ = {isa = PBXBuildFile; fileRef = A42B66482DDF41EA00BDA4A0 /* User.swift */; };
		A42B664A2DDF41EA00BDA4A0 /* Movie.swift in Sources */ = {isa = PBXBuildFile; fileRef = A42B66472DDF41EA00BDA4A0 /* Movie.swift */; };
		A42B664B2DDF41EA00BDA4A0 /* FirestoreService.swift in Sources */ = {isa = PBXBuildFile; fileRef = A42B66462DDF41EA00BDA4A0 /* FirestoreService.swift */; };
		A44143C42DF0775F00BCEBE4 /* PopularView.swift in Sources */ = {isa = PBXBuildFile; fileRef = A44143C32DF0775F00BCEBE4 /* PopularView.swift */; };
		A44144572DF17D6500BCEBE4 /* PopularMovieItemView.swift in Sources */ = {isa = PBXBuildFile; fileRef = A44144562DF17D6500BCEBE4 /* PopularMovieItemView.swift */; };
		A45A5F4D2DDF631F0092054A /* ContentMapper.swift in Sources */ = {isa = PBXBuildFile; fileRef = A45A5F4C2DDF631F0092054A /* ContentMapper.swift */; };
		A45A5F4F2DDF63B10092054A /* MovieRaw.swift in Sources */ = {isa = PBXBuildFile; fileRef = A45A5F4E2DDF63B10092054A /* MovieRaw.swift */; };
		A45A5F512DDF63DD0092054A /* TVShow.swift in Sources */ = {isa = PBXBuildFile; fileRef = A45A5F502DDF63DD0092054A /* TVShow.swift */; };
		A45A5F532DDF644E0092054A /* ContentListView.swift in Sources */ = {isa = PBXBuildFile; fileRef = A45A5F522DDF644E0092054A /* ContentListView.swift */; };
		A45A5F552DDF64790092054A /* EmptySavedContentView.swift in Sources */ = {isa = PBXBuildFile; fileRef = A45A5F542DDF64790092054A /* EmptySavedContentView.swift */; };
		A45A5F572DDF64910092054A /* ErrorView.swift in Sources */ = {isa = PBXBuildFile; fileRef = A45A5F562DDF64910092054A /* ErrorView.swift */; };
		A45A5F592DDF64A60092054A /* LoadingView.swift in Sources */ = {isa = PBXBuildFile; fileRef = A45A5F582DDF64A60092054A /* LoadingView.swift */; };
		A45A5F5B2DDF64E80092054A /* SavedMoviesView.swift in Sources */ = {isa = PBXBuildFile; fileRef = A45A5F5A2DDF64E80092054A /* SavedMoviesView.swift */; };
		A4A3BA662DE46676002BAADD /* MovieDetailView.swift in Sources */ = {isa = PBXBuildFile; fileRef = A4A3BA652DE46676002BAADD /* MovieDetailView.swift */; };
		A4B100BD2DDCA7040032B48E /* NavigationView.swift in Sources */ = {isa = PBXBuildFile; fileRef = A4B100BC2DDCA7040032B48E /* NavigationView.swift */; };
		A4F921432DDF4CB8003B8C41 /* ContentType.swift in Sources */ = {isa = PBXBuildFile; fileRef = A4F921422DDF4CB8003B8C41 /* ContentType.swift */; };
		DD5C92972DDB6FFB009D633F /* LaunchScreen.storyboard in Resources */ = {isa = PBXBuildFile; fileRef = DD5C92962DDB6FFB009D633F /* LaunchScreen.storyboard */; };
		DD5C92992DDB7199009D633F /* SplashScreenView.swift in Sources */ = {isa = PBXBuildFile; fileRef = DD5C92982DDB7199009D633F /* SplashScreenView.swift */; };
		DDAD79B62DDCB2AD00C97EA6 /* SignUpView.swift in Sources */ = {isa = PBXBuildFile; fileRef = DDAD79B52DDCB2AD00C97EA6 /* SignUpView.swift */; };
		DDAD79B82DDCF72C00C97EA6 /* UserProfile.swift in Sources */ = {isa = PBXBuildFile; fileRef = DDAD79B72DDCF72C00C97EA6 /* UserProfile.swift */; };
		DDBAB45F2DEDD5A5000AC356 /* Secrets.plist in Resources */ = {isa = PBXBuildFile; fileRef = DDBAB45E2DEDD5A5000AC356 /* Secrets.plist */; };
		DDBAB4612DEDD5B0000AC356 /* GoogleService-Info.plist in Resources */ = {isa = PBXBuildFile; fileRef = DDBAB4602DEDD5B0000AC356 /* GoogleService-Info.plist */; };
/* End PBXBuildFile section */

/* Begin PBXFileReference section */
		031957BB2DED98DF004AAC47 /* ShareButtonView.swift */ = {isa = PBXFileReference; lastKnownFileType = sourcecode.swift; path = ShareButtonView.swift; sourceTree = "<group>"; };
		031F025F2DEEEFE80014D5DB /* Info.plist */ = {isa = PBXFileReference; lastKnownFileType = text.plist; path = Info.plist; sourceTree = "<group>"; };
		031F02622DEF266E0014D5DB /* GoogleAuthManager.swift */ = {isa = PBXFileReference; lastKnownFileType = sourcecode.swift; path = GoogleAuthManager.swift; sourceTree = "<group>"; };
		0335B82B2DEDE13A00A95C31 /* ShareHelper.swift */ = {isa = PBXFileReference; lastKnownFileType = sourcecode.swift; path = ShareHelper.swift; sourceTree = "<group>"; };
		0335B82D2DEDE16C00A95C31 /* MovieShareItem.swift */ = {isa = PBXFileReference; lastKnownFileType = sourcecode.swift; path = MovieShareItem.swift; sourceTree = "<group>"; };
		035757F52DE7A65000B955BF /* EmptyGenreView.swift */ = {isa = PBXFileReference; lastKnownFileType = sourcecode.swift; path = EmptyGenreView.swift; sourceTree = "<group>"; };
		037763392DDBBCD300777B8C /* MovieRow.swift */ = {isa = PBXFileReference; lastKnownFileType = sourcecode.swift; path = MovieRow.swift; sourceTree = "<group>"; };
		0377633B2DDBBFD000777B8C /* EmptyStateView.swift */ = {isa = PBXFileReference; lastKnownFileType = sourcecode.swift; path = EmptyStateView.swift; sourceTree = "<group>"; };
		0377633D2DDBCB0300777B8C /* SearchBarView.swift */ = {isa = PBXFileReference; lastKnownFileType = sourcecode.swift; path = SearchBarView.swift; sourceTree = "<group>"; };
		03908DAD2DDC8F690008C202 /* FirestoreViewModel.swift */ = {isa = PBXFileReference; lastKnownFileType = sourcecode.swift; path = FirestoreViewModel.swift; sourceTree = "<group>"; };
		03A50DFE2DE46E4E004DFF62 /* Genre.swift */ = {isa = PBXFileReference; lastKnownFileType = sourcecode.swift; path = Genre.swift; sourceTree = "<group>"; };
		03A50E002DE47534004DFF62 /* GenrePickerView.swift */ = {isa = PBXFileReference; lastKnownFileType = sourcecode.swift; path = GenrePickerView.swift; sourceTree = "<group>"; };
		03A50E022DE49105004DFF62 /* ContentTypePickerView.swift */ = {isa = PBXFileReference; lastKnownFileType = sourcecode.swift; path = ContentTypePickerView.swift; sourceTree = "<group>"; };
		03B4CCC02DE5B4370086EE17 /* FilterType.swift */ = {isa = PBXFileReference; lastKnownFileType = sourcecode.swift; path = FilterType.swift; sourceTree = "<group>"; };
		03B4CCFF2DE5E6CF0086EE17 /* Person.swift */ = {isa = PBXFileReference; lastKnownFileType = sourcecode.swift; path = Person.swift; sourceTree = "<group>"; };
		03B4CD012DE5E9EA0086EE17 /* CrewCredit.swift */ = {isa = PBXFileReference; lastKnownFileType = sourcecode.swift; path = CrewCredit.swift; sourceTree = "<group>"; };
		03B7B2EE2DECE3DC006D038B /* FilterPickerView.swift */ = {isa = PBXFileReference; lastKnownFileType = sourcecode.swift; path = FilterPickerView.swift; sourceTree = "<group>"; };
		03B7B2F02DECE699006D038B /* ResultsHeaderView.swift */ = {isa = PBXFileReference; lastKnownFileType = sourcecode.swift; path = ResultsHeaderView.swift; sourceTree = "<group>"; };
		03B7B2F22DECE8E4006D038B /* DateFilterView.swift */ = {isa = PBXFileReference; lastKnownFileType = sourcecode.swift; path = DateFilterView.swift; sourceTree = "<group>"; };
		03BE729E2DD21E3300DD7805 /* WatchApp.app */ = {isa = PBXFileReference; explicitFileType = wrapper.application; includeInIndex = 0; path = WatchApp.app; sourceTree = BUILT_PRODUCTS_DIR; };
		03FA39042DDB219D005F1EDC /* Assets.xcassets */ = {isa = PBXFileReference; lastKnownFileType = folder.assetcatalog; path = Assets.xcassets; sourceTree = "<group>"; };
		03FA39052DDB219D005F1EDC /* ContentView.swift */ = {isa = PBXFileReference; lastKnownFileType = sourcecode.swift; path = ContentView.swift; sourceTree = "<group>"; };
		03FA39082DDB219D005F1EDC /* WatchAppApp.swift */ = {isa = PBXFileReference; lastKnownFileType = sourcecode.swift; path = WatchAppApp.swift; sourceTree = "<group>"; };
		03FA39132DDB2206005F1EDC /* SecretManager.swift */ = {isa = PBXFileReference; lastKnownFileType = sourcecode.swift; path = SecretManager.swift; sourceTree = "<group>"; };
		03FA39152DDB221F005F1EDC /* TMDBService.swift */ = {isa = PBXFileReference; lastKnownFileType = sourcecode.swift; path = TMDBService.swift; sourceTree = "<group>"; };
		03FA39192DDB234E005F1EDC /* MovieViewModel.swift */ = {isa = PBXFileReference; lastKnownFileType = sourcecode.swift; path = MovieViewModel.swift; sourceTree = "<group>"; };
		03FA391B2DDB23C0005F1EDC /* MovieListView.swift */ = {isa = PBXFileReference; lastKnownFileType = sourcecode.swift; path = MovieListView.swift; sourceTree = "<group>"; };
		5D0D0C3D2DDB663300FC4499 /* AuthViewModel.swift */ = {isa = PBXFileReference; lastKnownFileType = sourcecode.swift; path = AuthViewModel.swift; sourceTree = "<group>"; };
		5D0D0C3F2DDB665800FC4499 /* LoginView.swift */ = {isa = PBXFileReference; lastKnownFileType = sourcecode.swift; path = LoginView.swift; sourceTree = "<group>"; };
		5D7295302DE48E140067360A /* ResetPasswordView.swift */ = {isa = PBXFileReference; lastKnownFileType = sourcecode.swift; path = ResetPasswordView.swift; sourceTree = "<group>"; };
		5D7295322DE48EE70067360A /* withLogoutButton.swift */ = {isa = PBXFileReference; lastKnownFileType = sourcecode.swift; path = withLogoutButton.swift; sourceTree = "<group>"; };
		5D81BD1B2DE5B8050059346F /* KeychainService.swift */ = {isa = PBXFileReference; lastKnownFileType = sourcecode.swift; path = KeychainService.swift; sourceTree = "<group>"; };
		5DC46A802DE5E8AD002E5618 /* ProfileView.swift */ = {isa = PBXFileReference; lastKnownFileType = sourcecode.swift; path = ProfileView.swift; sourceTree = "<group>"; };
		A42B66462DDF41EA00BDA4A0 /* FirestoreService.swift */ = {isa = PBXFileReference; lastKnownFileType = sourcecode.swift; path = FirestoreService.swift; sourceTree = "<group>"; };
		A42B66472DDF41EA00BDA4A0 /* Movie.swift */ = {isa = PBXFileReference; lastKnownFileType = sourcecode.swift; path = Movie.swift; sourceTree = "<group>"; };
		A42B66482DDF41EA00BDA4A0 /* User.swift */ = {isa = PBXFileReference; lastKnownFileType = sourcecode.swift; path = User.swift; sourceTree = "<group>"; };
		A44143C32DF0775F00BCEBE4 /* PopularView.swift */ = {isa = PBXFileReference; lastKnownFileType = sourcecode.swift; path = PopularView.swift; sourceTree = "<group>"; };
		A44144562DF17D6500BCEBE4 /* PopularMovieItemView.swift */ = {isa = PBXFileReference; lastKnownFileType = sourcecode.swift; path = PopularMovieItemView.swift; sourceTree = "<group>"; };
		A45A5F4C2DDF631F0092054A /* ContentMapper.swift */ = {isa = PBXFileReference; lastKnownFileType = sourcecode.swift; path = ContentMapper.swift; sourceTree = "<group>"; };
		A45A5F4E2DDF63B10092054A /* MovieRaw.swift */ = {isa = PBXFileReference; lastKnownFileType = sourcecode.swift; path = MovieRaw.swift; sourceTree = "<group>"; };
		A45A5F502DDF63DD0092054A /* TVShow.swift */ = {isa = PBXFileReference; lastKnownFileType = sourcecode.swift; path = TVShow.swift; sourceTree = "<group>"; };
		A45A5F522DDF644E0092054A /* ContentListView.swift */ = {isa = PBXFileReference; lastKnownFileType = sourcecode.swift; path = ContentListView.swift; sourceTree = "<group>"; };
		A45A5F542DDF64790092054A /* EmptySavedContentView.swift */ = {isa = PBXFileReference; lastKnownFileType = sourcecode.swift; path = EmptySavedContentView.swift; sourceTree = "<group>"; };
		A45A5F562DDF64910092054A /* ErrorView.swift */ = {isa = PBXFileReference; lastKnownFileType = sourcecode.swift; path = ErrorView.swift; sourceTree = "<group>"; };
		A45A5F582DDF64A60092054A /* LoadingView.swift */ = {isa = PBXFileReference; lastKnownFileType = sourcecode.swift; path = LoadingView.swift; sourceTree = "<group>"; };
		A45A5F5A2DDF64E80092054A /* SavedMoviesView.swift */ = {isa = PBXFileReference; lastKnownFileType = sourcecode.swift; path = SavedMoviesView.swift; sourceTree = "<group>"; };
		A4A3BA652DE46676002BAADD /* MovieDetailView.swift */ = {isa = PBXFileReference; lastKnownFileType = sourcecode.swift; path = MovieDetailView.swift; sourceTree = "<group>"; };
		A4B100BC2DDCA7040032B48E /* NavigationView.swift */ = {isa = PBXFileReference; lastKnownFileType = sourcecode.swift; path = NavigationView.swift; sourceTree = "<group>"; };
		A4F921422DDF4CB8003B8C41 /* ContentType.swift */ = {isa = PBXFileReference; lastKnownFileType = sourcecode.swift; path = ContentType.swift; sourceTree = "<group>"; };
		DD5C92962DDB6FFB009D633F /* LaunchScreen.storyboard */ = {isa = PBXFileReference; lastKnownFileType = file.storyboard; path = LaunchScreen.storyboard; sourceTree = "<group>"; };
		DD5C92982DDB7199009D633F /* SplashScreenView.swift */ = {isa = PBXFileReference; lastKnownFileType = sourcecode.swift; path = SplashScreenView.swift; sourceTree = "<group>"; };
		DDAD79B52DDCB2AD00C97EA6 /* SignUpView.swift */ = {isa = PBXFileReference; lastKnownFileType = sourcecode.swift; path = SignUpView.swift; sourceTree = "<group>"; };
		DDAD79B72DDCF72C00C97EA6 /* UserProfile.swift */ = {isa = PBXFileReference; lastKnownFileType = sourcecode.swift; path = UserProfile.swift; sourceTree = "<group>"; };
		DDBAB45E2DEDD5A5000AC356 /* Secrets.plist */ = {isa = PBXFileReference; lastKnownFileType = text.plist.xml; path = Secrets.plist; sourceTree = "<group>"; };
		DDBAB4602DEDD5B0000AC356 /* GoogleService-Info.plist */ = {isa = PBXFileReference; lastKnownFileType = text.plist.xml; path = "GoogleService-Info.plist"; sourceTree = "<group>"; };
/* End PBXFileReference section */

/* Begin PBXFileSystemSynchronizedRootGroup section */
		DD5C929A2DDBA125009D633F /* Utilits */ = {isa = PBXFileSystemSynchronizedRootGroup; explicitFileTypes = {}; explicitFolders = (); path = Utilits; sourceTree = "<group>"; };
		DD5C92A72DDBAC68009D633F /* Components */ = {isa = PBXFileSystemSynchronizedRootGroup; explicitFileTypes = {}; explicitFolders = (); path = Components; sourceTree = "<group>"; };
/* End PBXFileSystemSynchronizedRootGroup section */

/* Begin PBXFrameworksBuildPhase section */
		03BE729B2DD21E3300DD7805 /* Frameworks */ = {
			isa = PBXFrameworksBuildPhase;
			buildActionMask = 2147483647;
			files = (
				031F025E2DEEEA7D0014D5DB /* GoogleSignInSwift in Frameworks */,
				03BE72B22DD221FE00DD7805 /* FirebaseCore in Frameworks */,
				031F025C2DEEEA7D0014D5DB /* GoogleSignIn in Frameworks */,
				03BE72B02DD221FE00DD7805 /* FirebaseAuth in Frameworks */,
				03BE72B42DD221FE00DD7805 /* FirebaseFirestore in Frameworks */,
			);
			runOnlyForDeploymentPostprocessing = 0;
		};
/* End PBXFrameworksBuildPhase section */

/* Begin PBXGroup section */
		03B4CCC22DE5E1190086EE17 /* Search */ = {
			isa = PBXGroup;
			children = (
				03B4CCC02DE5B4370086EE17 /* FilterType.swift */,
				0377633D2DDBCB0300777B8C /* SearchBarView.swift */,
				03B4CCFF2DE5E6CF0086EE17 /* Person.swift */,
				03B4CD012DE5E9EA0086EE17 /* CrewCredit.swift */,
			);
			path = Search;
			sourceTree = "<group>";
		};
		03BE72952DD21E3300DD7805 = {
			isa = PBXGroup;
			children = (
				03FA39092DDB219D005F1EDC /* WatchApp */,
				03BE729F2DD21E3300DD7805 /* Products */,
			);
			sourceTree = "<group>";
		};
		03BE729F2DD21E3300DD7805 /* Products */ = {
			isa = PBXGroup;
			children = (
				03BE729E2DD21E3300DD7805 /* WatchApp.app */,
			);
			name = Products;
			sourceTree = "<group>";
		};
		03FA39092DDB219D005F1EDC /* WatchApp */ = {
			isa = PBXGroup;
			children = (
				031F025F2DEEEFE80014D5DB /* Info.plist */,
				03B4CCC22DE5E1190086EE17 /* Search */,
				DD5C92A72DDBAC68009D633F /* Components */,
				DD5C929A2DDBA125009D633F /* Utilits */,
				03FA39122DDB21B8005F1EDC /* Views */,
				03FA39112DDB21B2005F1EDC /* ViewModels */,
				03FA39102DDB21AB005F1EDC /* Models */,
				03FA390F2DDB21A0005F1EDC /* Service */,
				03FA39042DDB219D005F1EDC /* Assets.xcassets */,
				03FA39082DDB219D005F1EDC /* WatchAppApp.swift */,
				DD5C92962DDB6FFB009D633F /* LaunchScreen.storyboard */,
				03B7B2EE2DECE3DC006D038B /* FilterPickerView.swift */,
				DDBAB45E2DEDD5A5000AC356 /* Secrets.plist */,
				DDBAB4602DEDD5B0000AC356 /* GoogleService-Info.plist */,
			);
			path = WatchApp;
			sourceTree = "<group>";
		};
		03FA390F2DDB21A0005F1EDC /* Service */ = {
			isa = PBXGroup;
			children = (
				03FA39132DDB2206005F1EDC /* SecretManager.swift */,
				03FA39152DDB221F005F1EDC /* TMDBService.swift */,
				031F02622DEF266E0014D5DB /* GoogleAuthManager.swift */,
			);
			path = Service;
			sourceTree = "<group>";
		};
		03FA39102DDB21AB005F1EDC /* Models */ = {
			isa = PBXGroup;
			children = (
				DDAD79B72DDCF72C00C97EA6 /* UserProfile.swift */,
				A42B66462DDF41EA00BDA4A0 /* FirestoreService.swift */,
				A42B66472DDF41EA00BDA4A0 /* Movie.swift */,
				A42B66482DDF41EA00BDA4A0 /* User.swift */,
				A4F921422DDF4CB8003B8C41 /* ContentType.swift */,
				A45A5F4C2DDF631F0092054A /* ContentMapper.swift */,
				A45A5F4E2DDF63B10092054A /* MovieRaw.swift */,
				A45A5F502DDF63DD0092054A /* TVShow.swift */,
				03A50DFE2DE46E4E004DFF62 /* Genre.swift */,
				5D81BD1B2DE5B8050059346F /* KeychainService.swift */,
				0335B82B2DEDE13A00A95C31 /* ShareHelper.swift */,
				0335B82D2DEDE16C00A95C31 /* MovieShareItem.swift */,
			);
			path = Models;
			sourceTree = "<group>";
		};
		03FA39112DDB21B2005F1EDC /* ViewModels */ = {
			isa = PBXGroup;
			children = (
				03FA39192DDB234E005F1EDC /* MovieViewModel.swift */,
				5D0D0C3D2DDB663300FC4499 /* AuthViewModel.swift */,
				03908DAD2DDC8F690008C202 /* FirestoreViewModel.swift */,
			);
			path = ViewModels;
			sourceTree = "<group>";
		};
		03FA39122DDB21B8005F1EDC /* Views */ = {
			isa = PBXGroup;
			children = (
				03FA39052DDB219D005F1EDC /* ContentView.swift */,
				03FA391B2DDB23C0005F1EDC /* MovieListView.swift */,
				03B7B2F22DECE8E4006D038B /* DateFilterView.swift */,
				03B7B2F02DECE699006D038B /* ResultsHeaderView.swift */,
				DD5C92982DDB7199009D633F /* SplashScreenView.swift */,
				5D0D0C3F2DDB665800FC4499 /* LoginView.swift */,
				DDAD79B52DDCB2AD00C97EA6 /* SignUpView.swift */,
				037763392DDBBCD300777B8C /* MovieRow.swift */,
				0377633B2DDBBFD000777B8C /* EmptyStateView.swift */,
				A4B100BC2DDCA7040032B48E /* NavigationView.swift */,
				A45A5F522DDF644E0092054A /* ContentListView.swift */,
				A45A5F542DDF64790092054A /* EmptySavedContentView.swift */,
				A45A5F562DDF64910092054A /* ErrorView.swift */,
				A45A5F582DDF64A60092054A /* LoadingView.swift */,
				A45A5F5A2DDF64E80092054A /* SavedMoviesView.swift */,
				03A50E002DE47534004DFF62 /* GenrePickerView.swift */,
				03A50E022DE49105004DFF62 /* ContentTypePickerView.swift */,
				5D7295302DE48E140067360A /* ResetPasswordView.swift */,
				5D7295322DE48EE70067360A /* withLogoutButton.swift */,
				A4A3BA652DE46676002BAADD /* MovieDetailView.swift */,
				5DC46A802DE5E8AD002E5618 /* ProfileView.swift */,
				035757F52DE7A65000B955BF /* EmptyGenreView.swift */,
				031957BB2DED98DF004AAC47 /* ShareButtonView.swift */,
				A44143C32DF0775F00BCEBE4 /* PopularView.swift */,
				A44144562DF17D6500BCEBE4 /* PopularMovieItemView.swift */,
			);
			path = Views;
			sourceTree = "<group>";
		};
/* End PBXGroup section */

/* Begin PBXNativeTarget section */
		03BE729D2DD21E3300DD7805 /* WatchApp */ = {
			isa = PBXNativeTarget;
			buildConfigurationList = 03BE72A92DD21E3500DD7805 /* Build configuration list for PBXNativeTarget "WatchApp" */;
			buildPhases = (
				03BE729A2DD21E3300DD7805 /* Sources */,
				03BE729B2DD21E3300DD7805 /* Frameworks */,
				03BE729C2DD21E3300DD7805 /* Resources */,
			);
			buildRules = (
			);
			dependencies = (
			);
			fileSystemSynchronizedGroups = (
				DD5C929A2DDBA125009D633F /* Utilits */,
				DD5C92A72DDBAC68009D633F /* Components */,
			);
			name = WatchApp;
			packageProductDependencies = (
				03BE72AF2DD221FE00DD7805 /* FirebaseAuth */,
				03BE72B12DD221FE00DD7805 /* FirebaseCore */,
				03BE72B32DD221FE00DD7805 /* FirebaseFirestore */,
				031F025B2DEEEA7D0014D5DB /* GoogleSignIn */,
				031F025D2DEEEA7D0014D5DB /* GoogleSignInSwift */,
			);
			productName = WatchApp;
			productReference = 03BE729E2DD21E3300DD7805 /* WatchApp.app */;
			productType = "com.apple.product-type.application";
		};
/* End PBXNativeTarget section */

/* Begin PBXProject section */
		03BE72962DD21E3300DD7805 /* Project object */ = {
			isa = PBXProject;
			attributes = {
				BuildIndependentTargetsInParallel = 1;
				LastSwiftUpdateCheck = 1630;
				LastUpgradeCheck = 1630;
				TargetAttributes = {
					03BE729D2DD21E3300DD7805 = {
						CreatedOnToolsVersion = 16.3;
					};
				};
			};
			buildConfigurationList = 03BE72992DD21E3300DD7805 /* Build configuration list for PBXProject "WatchApp" */;
			compatibilityVersion = "Xcode 15.3";
			developmentRegion = en;
			hasScannedForEncodings = 0;
			knownRegions = (
				en,
				Base,
			);
			mainGroup = 03BE72952DD21E3300DD7805;
			minimizedProjectReferenceProxies = 1;
			packageReferences = (
				03BE72AE2DD221FE00DD7805 /* XCRemoteSwiftPackageReference "firebase-ios-sdk" */,
				031F025A2DEEEA7D0014D5DB /* XCRemoteSwiftPackageReference "GoogleSignIn-iOS" */,
			);
			productRefGroup = 03BE729F2DD21E3300DD7805 /* Products */;
			projectDirPath = "";
			projectRoot = "";
			targets = (
				03BE729D2DD21E3300DD7805 /* WatchApp */,
			);
		};
/* End PBXProject section */

/* Begin PBXResourcesBuildPhase section */
		03BE729C2DD21E3300DD7805 /* Resources */ = {
			isa = PBXResourcesBuildPhase;
			buildActionMask = 2147483647;
			files = (
				03FA390A2DDB219D005F1EDC /* Assets.xcassets in Resources */,
				DDBAB4612DEDD5B0000AC356 /* GoogleService-Info.plist in Resources */,
				DD5C92972DDB6FFB009D633F /* LaunchScreen.storyboard in Resources */,
				DDBAB45F2DEDD5A5000AC356 /* Secrets.plist in Resources */,
			);
			runOnlyForDeploymentPostprocessing = 0;
		};
/* End PBXResourcesBuildPhase section */

/* Begin PBXSourcesBuildPhase section */
		03BE729A2DD21E3300DD7805 /* Sources */ = {
			isa = PBXSourcesBuildPhase;
			buildActionMask = 2147483647;
			files = (
				03B4CCC12DE5B4370086EE17 /* FilterType.swift in Sources */,
				A45A5F512DDF63DD0092054A /* TVShow.swift in Sources */,
				5DC46A812DE5E8AD002E5618 /* ProfileView.swift in Sources */,
				A45A5F4F2DDF63B10092054A /* MovieRaw.swift in Sources */,
				0335B82E2DEDE16C00A95C31 /* MovieShareItem.swift in Sources */,
				5D7295312DE48E140067360A /* ResetPasswordView.swift in Sources */,
				03B7B2F12DECE699006D038B /* ResultsHeaderView.swift in Sources */,
				A4B100BD2DDCA7040032B48E /* NavigationView.swift in Sources */,
				0377633C2DDBBFD000777B8C /* EmptyStateView.swift in Sources */,
				03FA39162DDB221F005F1EDC /* TMDBService.swift in Sources */,
				A45A5F572DDF64910092054A /* ErrorView.swift in Sources */,
				0377633E2DDBCB0300777B8C /* SearchBarView.swift in Sources */,
				03A50E032DE49105004DFF62 /* ContentTypePickerView.swift in Sources */,
				A44144572DF17D6500BCEBE4 /* PopularMovieItemView.swift in Sources */,
				A44143C42DF0775F00BCEBE4 /* PopularView.swift in Sources */,
				DDAD79B62DDCB2AD00C97EA6 /* SignUpView.swift in Sources */,
				A4F921432DDF4CB8003B8C41 /* ContentType.swift in Sources */,
				03B4CD022DE5E9EA0086EE17 /* CrewCredit.swift in Sources */,
				A45A5F4D2DDF631F0092054A /* ContentMapper.swift in Sources */,
				0377633A2DDBBCD300777B8C /* MovieRow.swift in Sources */,
				03B7B2EF2DECE3DC006D038B /* FilterPickerView.swift in Sources */,
				A45A5F552DDF64790092054A /* EmptySavedContentView.swift in Sources */,
				03FA391C2DDB23C0005F1EDC /* MovieListView.swift in Sources */,
				03FA390D2DDB219D005F1EDC /* ContentView.swift in Sources */,
				5D0D0C402DDB665800FC4499 /* LoginView.swift in Sources */,
				5D81BD1C2DE5B8050059346F /* KeychainService.swift in Sources */,
				03FA390E2DDB219D005F1EDC /* WatchAppApp.swift in Sources */,
				A45A5F532DDF644E0092054A /* ContentListView.swift in Sources */,
				031957BC2DED98DF004AAC47 /* ShareButtonView.swift in Sources */,
				A42B66492DDF41EA00BDA4A0 /* User.swift in Sources */,
				A42B664A2DDF41EA00BDA4A0 /* Movie.swift in Sources */,
				03A50E012DE47534004DFF62 /* GenrePickerView.swift in Sources */,
				A42B664B2DDF41EA00BDA4A0 /* FirestoreService.swift in Sources */,
				0335B82C2DEDE13A00A95C31 /* ShareHelper.swift in Sources */,
				03A50DFF2DE46E4E004DFF62 /* Genre.swift in Sources */,
				A45A5F592DDF64A60092054A /* LoadingView.swift in Sources */,
				03B4CD002DE5E6CF0086EE17 /* Person.swift in Sources */,
				A45A5F5B2DDF64E80092054A /* SavedMoviesView.swift in Sources */,
				5D0D0C3E2DDB663300FC4499 /* AuthViewModel.swift in Sources */,
				DDAD79B82DDCF72C00C97EA6 /* UserProfile.swift in Sources */,
				03FA39142DDB2206005F1EDC /* SecretManager.swift in Sources */,
				03FA391A2DDB234E005F1EDC /* MovieViewModel.swift in Sources */,
				5D7295332DE48EE70067360A /* withLogoutButton.swift in Sources */,
				03B7B2F32DECE8E4006D038B /* DateFilterView.swift in Sources */,
				035757F62DE7A65000B955BF /* EmptyGenreView.swift in Sources */,
				03908DAE2DDC8F690008C202 /* FirestoreViewModel.swift in Sources */,
				A4A3BA662DE46676002BAADD /* MovieDetailView.swift in Sources */,
				031F02632DEF266E0014D5DB /* GoogleAuthManager.swift in Sources */,
				DD5C92992DDB7199009D633F /* SplashScreenView.swift in Sources */,
			);
			runOnlyForDeploymentPostprocessing = 0;
		};
/* End PBXSourcesBuildPhase section */

/* Begin XCBuildConfiguration section */
		03BE72A72DD21E3500DD7805 /* Debug */ = {
			isa = XCBuildConfiguration;
			buildSettings = {
				ALWAYS_SEARCH_USER_PATHS = NO;
				ASSETCATALOG_COMPILER_GENERATE_SWIFT_ASSET_SYMBOL_EXTENSIONS = YES;
				CLANG_ANALYZER_NONNULL = YES;
				CLANG_ANALYZER_NUMBER_OBJECT_CONVERSION = YES_AGGRESSIVE;
				CLANG_CXX_LANGUAGE_STANDARD = "gnu++20";
				CLANG_ENABLE_MODULES = YES;
				CLANG_ENABLE_OBJC_ARC = YES;
				CLANG_ENABLE_OBJC_WEAK = YES;
				CLANG_WARN_BLOCK_CAPTURE_AUTORELEASING = YES;
				CLANG_WARN_BOOL_CONVERSION = YES;
				CLANG_WARN_COMMA = YES;
				CLANG_WARN_CONSTANT_CONVERSION = YES;
				CLANG_WARN_DEPRECATED_OBJC_IMPLEMENTATIONS = YES;
				CLANG_WARN_DIRECT_OBJC_ISA_USAGE = YES_ERROR;
				CLANG_WARN_DOCUMENTATION_COMMENTS = YES;
				CLANG_WARN_EMPTY_BODY = YES;
				CLANG_WARN_ENUM_CONVERSION = YES;
				CLANG_WARN_INFINITE_RECURSION = YES;
				CLANG_WARN_INT_CONVERSION = YES;
				CLANG_WARN_NON_LITERAL_NULL_CONVERSION = YES;
				CLANG_WARN_OBJC_IMPLICIT_RETAIN_SELF = YES;
				CLANG_WARN_OBJC_LITERAL_CONVERSION = YES;
				CLANG_WARN_OBJC_ROOT_CLASS = YES_ERROR;
				CLANG_WARN_QUOTED_INCLUDE_IN_FRAMEWORK_HEADER = YES;
				CLANG_WARN_RANGE_LOOP_ANALYSIS = YES;
				CLANG_WARN_STRICT_PROTOTYPES = YES;
				CLANG_WARN_SUSPICIOUS_MOVE = YES;
				CLANG_WARN_UNGUARDED_AVAILABILITY = YES_AGGRESSIVE;
				CLANG_WARN_UNREACHABLE_CODE = YES;
				CLANG_WARN__DUPLICATE_METHOD_MATCH = YES;
				COPY_PHASE_STRIP = NO;
				DEBUG_INFORMATION_FORMAT = dwarf;
				DEVELOPMENT_TEAM = N693GNQH6J;
				ENABLE_STRICT_OBJC_MSGSEND = YES;
				ENABLE_TESTABILITY = YES;
				ENABLE_USER_SCRIPT_SANDBOXING = YES;
				GCC_C_LANGUAGE_STANDARD = gnu17;
				GCC_DYNAMIC_NO_PIC = NO;
				GCC_NO_COMMON_BLOCKS = YES;
				GCC_OPTIMIZATION_LEVEL = 0;
				GCC_PREPROCESSOR_DEFINITIONS = (
					"DEBUG=1",
					"$(inherited)",
				);
				GCC_WARN_64_TO_32_BIT_CONVERSION = YES;
				GCC_WARN_ABOUT_RETURN_TYPE = YES_ERROR;
				GCC_WARN_UNDECLARED_SELECTOR = YES;
				GCC_WARN_UNINITIALIZED_AUTOS = YES_AGGRESSIVE;
				GCC_WARN_UNUSED_FUNCTION = YES;
				GCC_WARN_UNUSED_VARIABLE = YES;
				IPHONEOS_DEPLOYMENT_TARGET = 18.4;
				LOCALIZATION_PREFERS_STRING_CATALOGS = YES;
				MTL_ENABLE_DEBUG_INFO = INCLUDE_SOURCE;
				MTL_FAST_MATH = YES;
				ONLY_ACTIVE_ARCH = YES;
				SDKROOT = iphoneos;
				SWIFT_ACTIVE_COMPILATION_CONDITIONS = "DEBUG $(inherited)";
				SWIFT_OPTIMIZATION_LEVEL = "-Onone";
			};
			name = Debug;
		};
		03BE72A82DD21E3500DD7805 /* Release */ = {
			isa = XCBuildConfiguration;
			buildSettings = {
				ALWAYS_SEARCH_USER_PATHS = NO;
				ASSETCATALOG_COMPILER_GENERATE_SWIFT_ASSET_SYMBOL_EXTENSIONS = YES;
				CLANG_ANALYZER_NONNULL = YES;
				CLANG_ANALYZER_NUMBER_OBJECT_CONVERSION = YES_AGGRESSIVE;
				CLANG_CXX_LANGUAGE_STANDARD = "gnu++20";
				CLANG_ENABLE_MODULES = YES;
				CLANG_ENABLE_OBJC_ARC = YES;
				CLANG_ENABLE_OBJC_WEAK = YES;
				CLANG_WARN_BLOCK_CAPTURE_AUTORELEASING = YES;
				CLANG_WARN_BOOL_CONVERSION = YES;
				CLANG_WARN_COMMA = YES;
				CLANG_WARN_CONSTANT_CONVERSION = YES;
				CLANG_WARN_DEPRECATED_OBJC_IMPLEMENTATIONS = YES;
				CLANG_WARN_DIRECT_OBJC_ISA_USAGE = YES_ERROR;
				CLANG_WARN_DOCUMENTATION_COMMENTS = YES;
				CLANG_WARN_EMPTY_BODY = YES;
				CLANG_WARN_ENUM_CONVERSION = YES;
				CLANG_WARN_INFINITE_RECURSION = YES;
				CLANG_WARN_INT_CONVERSION = YES;
				CLANG_WARN_NON_LITERAL_NULL_CONVERSION = YES;
				CLANG_WARN_OBJC_IMPLICIT_RETAIN_SELF = YES;
				CLANG_WARN_OBJC_LITERAL_CONVERSION = YES;
				CLANG_WARN_OBJC_ROOT_CLASS = YES_ERROR;
				CLANG_WARN_QUOTED_INCLUDE_IN_FRAMEWORK_HEADER = YES;
				CLANG_WARN_RANGE_LOOP_ANALYSIS = YES;
				CLANG_WARN_STRICT_PROTOTYPES = YES;
				CLANG_WARN_SUSPICIOUS_MOVE = YES;
				CLANG_WARN_UNGUARDED_AVAILABILITY = YES_AGGRESSIVE;
				CLANG_WARN_UNREACHABLE_CODE = YES;
				CLANG_WARN__DUPLICATE_METHOD_MATCH = YES;
				COPY_PHASE_STRIP = NO;
				DEBUG_INFORMATION_FORMAT = "dwarf-with-dsym";
				DEVELOPMENT_TEAM = N693GNQH6J;
				ENABLE_NS_ASSERTIONS = NO;
				ENABLE_STRICT_OBJC_MSGSEND = YES;
				ENABLE_USER_SCRIPT_SANDBOXING = YES;
				GCC_C_LANGUAGE_STANDARD = gnu17;
				GCC_NO_COMMON_BLOCKS = YES;
				GCC_WARN_64_TO_32_BIT_CONVERSION = YES;
				GCC_WARN_ABOUT_RETURN_TYPE = YES_ERROR;
				GCC_WARN_UNDECLARED_SELECTOR = YES;
				GCC_WARN_UNINITIALIZED_AUTOS = YES_AGGRESSIVE;
				GCC_WARN_UNUSED_FUNCTION = YES;
				GCC_WARN_UNUSED_VARIABLE = YES;
				IPHONEOS_DEPLOYMENT_TARGET = 18.4;
				LOCALIZATION_PREFERS_STRING_CATALOGS = YES;
				MTL_ENABLE_DEBUG_INFO = NO;
				MTL_FAST_MATH = YES;
				SDKROOT = iphoneos;
				SWIFT_COMPILATION_MODE = wholemodule;
				VALIDATE_PRODUCT = YES;
			};
			name = Release;
		};
		03BE72AA2DD21E3500DD7805 /* Debug */ = {
			isa = XCBuildConfiguration;
			buildSettings = {
				ASSETCATALOG_COMPILER_APPICON_NAME = AppIcon;
				ASSETCATALOG_COMPILER_GLOBAL_ACCENT_COLOR_NAME = AccentColor;
				CODE_SIGN_STYLE = Automatic;
				CURRENT_PROJECT_VERSION = 1;
				DEVELOPMENT_TEAM = N693GNQH6J;
				ENABLE_PREVIEWS = YES;
				GENERATE_INFOPLIST_FILE = YES;
				INFOPLIST_FILE = WatchApp/Info.plist;
				INFOPLIST_KEY_UIApplicationSceneManifest_Generation = YES;
				INFOPLIST_KEY_UIApplicationSupportsIndirectInputEvents = YES;
				INFOPLIST_KEY_UILaunchScreen_Generation = YES;
				INFOPLIST_KEY_UILaunchStoryboardName = LaunchScreen;
				INFOPLIST_KEY_UISupportedInterfaceOrientations_iPad = "UIInterfaceOrientationPortrait UIInterfaceOrientationPortraitUpsideDown UIInterfaceOrientationLandscapeLeft UIInterfaceOrientationLandscapeRight";
				INFOPLIST_KEY_UISupportedInterfaceOrientations_iPhone = "UIInterfaceOrientationPortrait UIInterfaceOrientationLandscapeLeft UIInterfaceOrientationLandscapeRight";
				IPHONEOS_DEPLOYMENT_TARGET = 16.4;
				LD_RUNPATH_SEARCH_PATHS = (
					"$(inherited)",
					"@executable_path/Frameworks",
				);
				MARKETING_VERSION = 1.0;
				PRODUCT_BUNDLE_IDENTIFIER = com.Jonas.WatchApp;
				PRODUCT_NAME = "$(TARGET_NAME)";
				SWIFT_EMIT_LOC_STRINGS = YES;
				SWIFT_VERSION = 5.0;
				TARGETED_DEVICE_FAMILY = "1,2";
			};
			name = Debug;
		};
		03BE72AB2DD21E3500DD7805 /* Release */ = {
			isa = XCBuildConfiguration;
			buildSettings = {
				ASSETCATALOG_COMPILER_APPICON_NAME = AppIcon;
				ASSETCATALOG_COMPILER_GLOBAL_ACCENT_COLOR_NAME = AccentColor;
				CODE_SIGN_STYLE = Automatic;
				CURRENT_PROJECT_VERSION = 1;
				DEVELOPMENT_TEAM = N693GNQH6J;
				ENABLE_PREVIEWS = YES;
				GENERATE_INFOPLIST_FILE = YES;
				INFOPLIST_FILE = WatchApp/Info.plist;
				INFOPLIST_KEY_UIApplicationSceneManifest_Generation = YES;
				INFOPLIST_KEY_UIApplicationSupportsIndirectInputEvents = YES;
				INFOPLIST_KEY_UILaunchScreen_Generation = YES;
				INFOPLIST_KEY_UILaunchStoryboardName = LaunchScreen;
				INFOPLIST_KEY_UISupportedInterfaceOrientations_iPad = "UIInterfaceOrientationPortrait UIInterfaceOrientationPortraitUpsideDown UIInterfaceOrientationLandscapeLeft UIInterfaceOrientationLandscapeRight";
				INFOPLIST_KEY_UISupportedInterfaceOrientations_iPhone = "UIInterfaceOrientationPortrait UIInterfaceOrientationLandscapeLeft UIInterfaceOrientationLandscapeRight";
				IPHONEOS_DEPLOYMENT_TARGET = 16.4;
				LD_RUNPATH_SEARCH_PATHS = (
					"$(inherited)",
					"@executable_path/Frameworks",
				);
				MARKETING_VERSION = 1.0;
				PRODUCT_BUNDLE_IDENTIFIER = com.Jonas.WatchApp;
				PRODUCT_NAME = "$(TARGET_NAME)";
				SWIFT_EMIT_LOC_STRINGS = YES;
				SWIFT_VERSION = 5.0;
				TARGETED_DEVICE_FAMILY = "1,2";
			};
			name = Release;
		};
/* End XCBuildConfiguration section */

/* Begin XCConfigurationList section */
		03BE72992DD21E3300DD7805 /* Build configuration list for PBXProject "WatchApp" */ = {
			isa = XCConfigurationList;
			buildConfigurations = (
				03BE72A72DD21E3500DD7805 /* Debug */,
				03BE72A82DD21E3500DD7805 /* Release */,
			);
			defaultConfigurationIsVisible = 0;
			defaultConfigurationName = Release;
		};
		03BE72A92DD21E3500DD7805 /* Build configuration list for PBXNativeTarget "WatchApp" */ = {
			isa = XCConfigurationList;
			buildConfigurations = (
				03BE72AA2DD21E3500DD7805 /* Debug */,
				03BE72AB2DD21E3500DD7805 /* Release */,
			);
			defaultConfigurationIsVisible = 0;
			defaultConfigurationName = Release;
		};
/* End XCConfigurationList section */

/* Begin XCRemoteSwiftPackageReference section */
		031F025A2DEEEA7D0014D5DB /* XCRemoteSwiftPackageReference "GoogleSignIn-iOS" */ = {
			isa = XCRemoteSwiftPackageReference;
			repositoryURL = "https://github.com/google/GoogleSignIn-iOS";
			requirement = {
				kind = upToNextMajorVersion;
				minimumVersion = 8.0.0;
			};
		};
		03BE72AE2DD221FE00DD7805 /* XCRemoteSwiftPackageReference "firebase-ios-sdk" */ = {
			isa = XCRemoteSwiftPackageReference;
			repositoryURL = "https://github.com/firebase/firebase-ios-sdk";
			requirement = {
				kind = upToNextMajorVersion;
				minimumVersion = 11.12.0;
			};
		};
/* End XCRemoteSwiftPackageReference section */

/* Begin XCSwiftPackageProductDependency section */
		031F025B2DEEEA7D0014D5DB /* GoogleSignIn */ = {
			isa = XCSwiftPackageProductDependency;
			package = 031F025A2DEEEA7D0014D5DB /* XCRemoteSwiftPackageReference "GoogleSignIn-iOS" */;
			productName = GoogleSignIn;
		};
		031F025D2DEEEA7D0014D5DB /* GoogleSignInSwift */ = {
			isa = XCSwiftPackageProductDependency;
			package = 031F025A2DEEEA7D0014D5DB /* XCRemoteSwiftPackageReference "GoogleSignIn-iOS" */;
			productName = GoogleSignInSwift;
		};
		03BE72AF2DD221FE00DD7805 /* FirebaseAuth */ = {
			isa = XCSwiftPackageProductDependency;
			package = 03BE72AE2DD221FE00DD7805 /* XCRemoteSwiftPackageReference "firebase-ios-sdk" */;
			productName = FirebaseAuth;
		};
		03BE72B12DD221FE00DD7805 /* FirebaseCore */ = {
			isa = XCSwiftPackageProductDependency;
			package = 03BE72AE2DD221FE00DD7805 /* XCRemoteSwiftPackageReference "firebase-ios-sdk" */;
			productName = FirebaseCore;
		};
		03BE72B32DD221FE00DD7805 /* FirebaseFirestore */ = {
			isa = XCSwiftPackageProductDependency;
			package = 03BE72AE2DD221FE00DD7805 /* XCRemoteSwiftPackageReference "firebase-ios-sdk" */;
			productName = FirebaseFirestore;
		};
/* End XCSwiftPackageProductDependency section */
	};
	rootObject = 03BE72962DD21E3300DD7805 /* Project object */;
}
